
Microsoft Visual Studio Solution File, Format Version 12.00
# Visual Studio Version 17
VisualStudioVersion = 17.1.32319.34
MinimumVisualStudioVersion = 10.0.40219.1
Project("{2150E333-8FDC-42A3-9474-1A3956D46DE8}") = "src", "src", "{3FFB2597-B1BC-4DB1-8A71-FECBC28EAF4E}"
EndProject
Project("{2150E333-8FDC-42A3-9474-1A3956D46DE8}") = "test", "test", "{656AA827-859C-4699-BF2D-190B8C76ABA7}"
EndProject
Project("{2150E333-8FDC-42A3-9474-1A3956D46DE8}") = "tools", "tools", "{D06AB1D1-3F73-48C5-9B97-07DF4B3E930E}"
EndProject
Project("{2150E333-8FDC-42A3-9474-1A3956D46DE8}") = "Category", "Category", "{5FD4DBAF-4356-4CFA-9FCC-96F96CF6ECA5}"
EndProject
Project("{2150E333-8FDC-42A3-9474-1A3956D46DE8}") = "Dashboard", "Dashboard", "{51111F19-ABE6-4304-8877-C328B88D00C8}"
EndProject
Project("{2150E333-8FDC-42A3-9474-1A3956D46DE8}") = "Price", "Price", "{0C479EB1-DBC5-45E8-BAFB-9D1483AE500D}"
EndProject
Project("{2150E333-8FDC-42A3-9474-1A3956D46DE8}") = "Product", "Product", "{029CE9C9-9A88-4F89-A6E8-6583CE4C8AA8}"
EndProject
Project("{2150E333-8FDC-42A3-9474-1A3956D46DE8}") = "Search", "Search", "{2D48E39F-D55A-42F6-8A29-C112D71918A6}"
EndProject
Project("{2150E333-8FDC-42A3-9474-1A3956D46DE8}") = "Shared", "Shared", "{82C228EC-8803-4092-A22F-F3751B4B8740}"
EndProject
Project("{2150E333-8FDC-42A3-9474-1A3956D46DE8}") = "Job", "Job", "{A2704E39-BAB5-4A9B-A058-0554F410BB72}"
EndProject
Project("{2150E333-8FDC-42A3-9474-1A3956D46DE8}") = "Messaging", "Messaging", "{D265D711-5B30-4A47-9839-D77871F7265C}"
EndProject
Project("{2150E333-8FDC-42A3-9474-1A3956D46DE8}") = "Persistence", "Persistence", "{778174B0-922F-4C0D-B414-E140D893F0AD}"
EndProject
Project("{2150E333-8FDC-42A3-9474-1A3956D46DE8}") = "Worker", "Worker", "{DC04C787-221D-45A7-8578-7FCF02291372}"
EndProject
Project("{9A19103F-16F7-4668-BE54-9A1E7A4F7556}") = "Shared.Worker", "src\Shared\Worker\Shared.Worker.csproj", "{879CEAB0-A51C-4ABB-B958-6F0F30F01170}"
EndProject
Project("{9A19103F-16F7-4668-BE54-9A1E7A4F7556}") = "Shared.Job.Abstractions", "src\Shared\Job\Abstractions\Shared.Job.Abstractions.csproj", "{B18B7802-4CA7-4195-AE66-7EDBE0F48698}"
EndProject
Project("{9A19103F-16F7-4668-BE54-9A1E7A4F7556}") = "Shared.Persistence.Mongo", "src\Shared\Persistence\Mongo\Shared.Persistence.Mongo.csproj", "{8378363B-A37F-403D-9BD5-863660394022}"
EndProject
Project("{9A19103F-16F7-4668-BE54-9A1E7A4F7556}") = "Dashboard.Web", "src\Dashboard\Dashboard.Web.csproj", "{B0766695-B2ED-46FC-BFDF-C9A05089505A}"
EndProject
Project("{2150E333-8FDC-42A3-9474-1A3956D46DE8}") = "Saga", "Saga", "{D13AF0F1-8741-4FA2-93D3-9A3A95DCB51B}"
EndProject
Project("{2150E333-8FDC-42A3-9474-1A3956D46DE8}") = "Supplier", "Supplier", "{69679AE0-C62C-4EE4-8548-CE99483F5FE1}"
EndProject
Project("{2150E333-8FDC-42A3-9474-1A3956D46DE8}") = "Magalu", "Magalu", "{A93F474E-C249-4C09-8A6F-CAF1F91AA38F}"
EndProject
Project("{9A19103F-16F7-4668-BE54-9A1E7A4F7556}") = "Product.Supplier.Magalu.Worker", "src\Product\Supplier\Magalu\Worker\Product.Supplier.Magalu.Worker.csproj", "{491CEA71-CBCB-465B-A778-C9AFEB1CCD00}"
EndProject
Project("{2150E333-8FDC-42A3-9474-1A3956D46DE8}") = "Integration", "Integration", "{7ACC0D2E-87FE-4EB9-B2CB-E0119EC260F3}"
EndProject
Project("{9A19103F-16F7-4668-BE54-9A1E7A4F7556}") = "Tools.Integration", "tools\Integration\Tools.Integration.csproj", "{59ECE1D4-5318-4518-8B76-C1DF7F1B7241}"
EndProject
Project("{2150E333-8FDC-42A3-9474-1A3956D46DE8}") = "Core", "Core", "{CAFD6D40-4C83-494B-BDEB-BB10D88CECE7}"
EndProject
Project("{9A19103F-16F7-4668-BE54-9A1E7A4F7556}") = "Test.Core.Unit", "test\Core\Unit\Test.Core.Unit.csproj", "{944C216A-6543-4254-A19F-FCB1C1B33F81}"
EndProject
Project("{9A19103F-16F7-4668-BE54-9A1E7A4F7556}") = "Shared.Persistence.AzureBlob", "src\Shared\Persistence\AzureBlob\Shared.Persistence.AzureBlob.csproj", "{6FE75943-0551-4009-8D48-18F50BF2C5CE}"
EndProject
Project("{2150E333-8FDC-42A3-9474-1A3956D46DE8}") = "Persistence", "Persistence", "{04DF4989-C750-4925-845F-25D66516A445}"
EndProject
Project("{9A19103F-16F7-4668-BE54-9A1E7A4F7556}") = "Shared.Persistence.SqlServer", "src\Shared\Persistence\SqlServer\Shared.Persistence.SqlServer.csproj", "{8C32E1F3-2757-4476-BEA9-0C27C321F63E}"
EndProject
Project("{9A19103F-16F7-4668-BE54-9A1E7A4F7556}") = "Search.Worker", "src\Search\Worker\Search.Worker.csproj", "{21DC2B4E-F128-4A38-B840-064AE5C10A5C}"
EndProject
Project("{2150E333-8FDC-42A3-9474-1A3956D46DE8}") = "Availability", "Availability", "{DF937DD5-7A83-4EDD-AF01-174B1D659600}"
EndProject
Project("{2150E333-8FDC-42A3-9474-1A3956D46DE8}") = "Migrations", "Migrations", "{5450036B-2820-452C-9335-09F9590AEB84}"
EndProject
Project("{9A19103F-16F7-4668-BE54-9A1E7A4F7556}") = "Tools.Migrations.Goatling.Solr", "tools\Migrations\Goatling.Solr\Tools.Migrations.Goatling.Solr.csproj", "{64F0E835-E792-48C6-83C7-4556004E32D2}"
EndProject
Project("{2150E333-8FDC-42A3-9474-1A3956D46DE8}") = "Shared", "Shared", "{6176B027-671C-4468-B626-1A0F44BAB72B}"
EndProject
Project("{2150E333-8FDC-42A3-9474-1A3956D46DE8}") = "pipelines", "pipelines", "{ABB170AD-0D7D-4679-B5CC-8407EC6B2582}"
	ProjectSection(SolutionItems) = preProject
		pipelines\dev.yaml = pipelines\dev.yaml
	EndProjectSection
EndProject
Project("{2150E333-8FDC-42A3-9474-1A3956D46DE8}") = "Shared", "Shared", "{1748BAF2-73E0-4672-9F98-93B3B58FAB02}"
EndProject
Project("{9A19103F-16F7-4668-BE54-9A1E7A4F7556}") = "Product.Persistence.Worker", "src\Product\Persistence\Worker\Product.Persistence.Worker.csproj", "{028D58FA-F011-4653-BA55-45378377223C}"
EndProject
Project("{2150E333-8FDC-42A3-9474-1A3956D46DE8}") = "Enrichment", "Enrichment", "{CB55742F-A92D-40DD-908E-E06FB9756FDB}"
EndProject
Project("{2150E333-8FDC-42A3-9474-1A3956D46DE8}") = "Unit", "Unit", "{BFD66DDC-98D6-4200-97AA-909C2C15F410}"
EndProject
Project("{2150E333-8FDC-42A3-9474-1A3956D46DE8}") = "Change", "Change", "{4F9895BC-5C09-4456-A574-4F987DE3B067}"
EndProject
Project("{9A19103F-16F7-4668-BE54-9A1E7A4F7556}") = "Product.Change.Worker", "src\Product\Change\Worker\Product.Change.Worker.csproj", "{FEC03596-835D-4FB9-A2C4-9093998E6EE5}"
EndProject
Project("{9A19103F-16F7-4668-BE54-9A1E7A4F7556}") = "Product.Saga.Worker", "src\Product\Saga\Worker\Product.Saga.Worker.csproj", "{7C9E43FB-3274-4604-8763-2F0B93D38209}"
EndProject
Project("{2150E333-8FDC-42A3-9474-1A3956D46DE8}") = "Search", "Search", "{53F5C380-A796-4DF4-A12F-906C5085A746}"
EndProject
Project("{2150E333-8FDC-42A3-9474-1A3956D46DE8}") = "Manager", "Manager", "{705C45E0-5EC3-4B22-B7F0-9FCC4B3E99A4}"
EndProject
Project("{2150E333-8FDC-42A3-9474-1A3956D46DE8}") = "Recovery", "Recovery", "{A7E0C3D9-DE96-4EF6-9EBB-2C94058AE104}"
EndProject
Project("{9A19103F-16F7-4668-BE54-9A1E7A4F7556}") = "Availability.Recovery.Worker", "src\Availability\Recovery\Worker\Availability.Recovery.Worker.csproj", "{338EA1F1-387E-47BF-88D8-3BE67F5673A4}"
EndProject
Project("{9A19103F-16F7-4668-BE54-9A1E7A4F7556}") = "Availability.Search.Worker", "src\Availability\Search\Worker\Availability.Search.Worker.csproj", "{DD4030E5-F244-4DF4-AF80-393EB84895BD}"
EndProject
Project("{2150E333-8FDC-42A3-9474-1A3956D46DE8}") = "Shared", "Shared", "{DF908238-5595-4E67-A718-1C0A1D8D9156}"
EndProject
Project("{2150E333-8FDC-42A3-9474-1A3956D46DE8}") = "History", "History", "{051BED24-B306-4E5C-9087-F296BAC57954}"
EndProject
Project("{9A19103F-16F7-4668-BE54-9A1E7A4F7556}") = "Price.History.Worker", "src\Price\History\Worker\Price.History.Worker.csproj", "{EB05AE00-F783-49C9-A194-39CA8C3E6F01}"
EndProject
Project("{2150E333-8FDC-42A3-9474-1A3956D46DE8}") = "Keywords", "Keywords", "{2CFD9491-C6E3-46C3-8E88-94677A45056F}"
EndProject
Project("{9A19103F-16F7-4668-BE54-9A1E7A4F7556}") = "Shared.Keywords", "src\Shared\Keywords\Shared.Keywords.csproj", "{26B37DD8-98A9-43C6-8EEB-F06674E91803}"
EndProject
Project("{9A19103F-16F7-4668-BE54-9A1E7A4F7556}") = "Shared.Keywords.Tests", "test\Unit\Shared\Keywords\Shared.Keywords.Tests.csproj", "{841C4628-3428-4B75-BC56-BD76836D7C1B}"
EndProject
Project("{9A19103F-16F7-4668-BE54-9A1E7A4F7556}") = "Product.Supplier.Shared.Worker", "src\Product\Supplier\Shared\Worker\Product.Supplier.Shared.Worker.csproj", "{A53A17D6-C0B9-449F-A3E9-CFD3CEEA1A7F}"
EndProject
Project("{2150E333-8FDC-42A3-9474-1A3956D46DE8}") = "Macnaima", "Macnaima", "{010E23CC-1963-4CD1-97AF-C71E42561766}"
EndProject
Project("{9A19103F-16F7-4668-BE54-9A1E7A4F7556}") = "Product.Enrichment.Macnaima.Api", "src\Product\Enrichment\Macnaima\Api\Product.Enrichment.Macnaima.Api.csproj", "{F6FC5EAB-7CF8-480B-8543-32D2179DF8C1}"
EndProject
Project("{9A19103F-16F7-4668-BE54-9A1E7A4F7556}") = "Product.Enrichment.Macnaima.Worker", "src\Product\Enrichment\Macnaima\Worker\Product.Enrichment.Macnaima.Worker.csproj", "{13611E68-15BA-4C19-9597-9C5B874D178C}"
EndProject
Project("{9A19103F-16F7-4668-BE54-9A1E7A4F7556}") = "Shared.Messaging.Contracts", "src\Shared\Messaging\Contracts\Shared.Messaging.Contracts.csproj", "{49572913-304B-41E0-A4E4-FF27E76BB599}"
EndProject
Project("{9A19103F-16F7-4668-BE54-9A1E7A4F7556}") = "Shared.Messaging.Configuration", "src\Shared\Messaging\Configuration\Shared.Messaging.Configuration.csproj", "{FD400687-75BC-4023-9B5B-3D9998FF05A0}"
EndProject
Project("{9A19103F-16F7-4668-BE54-9A1E7A4F7556}") = "Category.Shared.Messaging.Contracts", "src\Category\Shared\Messaging.Contracts\Category.Shared.Messaging.Contracts.csproj", "{D8F7F105-C2AA-43C2-9FAC-4D2B403A9CFA}"
EndProject
Project("{2150E333-8FDC-42A3-9474-1A3956D46DE8}") = "Backend", "Backend", "{6EF476EF-237C-4A30-850C-2CE8E37BAB63}"
EndProject
Project("{9A19103F-16F7-4668-BE54-9A1E7A4F7556}") = "Shared.Backend", "src\Shared\Backend\Shared.Backend.csproj", "{3007574B-B874-4074-850B-1F8D20876BAB}"
EndProject
Project("{9A19103F-16F7-4668-BE54-9A1E7A4F7556}") = "Shared.Job.Configuration", "src\Shared\Job\Configuration\Shared.Job.Configuration.csproj", "{0CAE7BC9-2739-4676-B602-DDC92408393F}"
EndProject
Project("{2150E333-8FDC-42A3-9474-1A3956D46DE8}") = "Api", "Api", "{126AF8E1-2B5E-4E34-8CB7-4449BE66AD91}"
EndProject
Project("{9A19103F-16F7-4668-BE54-9A1E7A4F7556}") = "Availability.Api", "src\Availability\Api\Availability.Api.csproj", "{D2F98933-E90D-442E-A36E-CD84357DFB58}"
EndProject
Project("{9A19103F-16F7-4668-BE54-9A1E7A4F7556}") = "Availability.Manager.Worker", "src\Availability\Manager\Worker\Availability.Manager.Worker.csproj", "{37E8B94F-EE5F-4927-994F-111C1D5CABAB}"
EndProject
Project("{E53339B2-1760-4266-BCC7-CA923CBCF16C}") = "docker-compose", "docker-compose.dcproj", "{C8A34D63-3674-4446-B4D1-C66C115DCA25}"
EndProject
Project("{9A19103F-16F7-4668-BE54-9A1E7A4F7556}") = "Shared.Backend.Tests", "test\Unit\Shared\Backend\Shared.Backend.Tests.csproj", "{508F911E-006A-4431-B492-1DEEBFB8DB4C}"
EndProject
Project("{2150E333-8FDC-42A3-9474-1A3956D46DE8}") = "Categorization", "Categorization", "{63E63BDC-B313-4C07-8D8F-B399C3816B5E}"
EndProject
Project("{9A19103F-16F7-4668-BE54-9A1E7A4F7556}") = "Product.Categorization.Worker", "src\Product\Categorization\Worker\Product.Categorization.Worker.csproj", "{5888327D-A925-41EE-92F4-970CAC802DD1}"
EndProject
Global
	GlobalSection(SolutionConfigurationPlatforms) = preSolution
		Debug|Any CPU = Debug|Any CPU
		DEV|Any CPU = DEV|Any CPU
		PP|Any CPU = PP|Any CPU
		PROD|Any CPU = PROD|Any CPU
		QA|Any CPU = QA|Any CPU
		Release|Any CPU = Release|Any CPU
		UAT|Any CPU = UAT|Any CPU
	EndGlobalSection
	GlobalSection(ProjectConfigurationPlatforms) = postSolution
		{879CEAB0-A51C-4ABB-B958-6F0F30F01170}.Debug|Any CPU.ActiveCfg = Debug|Any CPU
		{879CEAB0-A51C-4ABB-B958-6F0F30F01170}.Debug|Any CPU.Build.0 = Debug|Any CPU
		{879CEAB0-A51C-4ABB-B958-6F0F30F01170}.DEV|Any CPU.ActiveCfg = Debug|Any CPU
		{879CEAB0-A51C-4ABB-B958-6F0F30F01170}.DEV|Any CPU.Build.0 = Debug|Any CPU
		{879CEAB0-A51C-4ABB-B958-6F0F30F01170}.PP|Any CPU.ActiveCfg = Debug|Any CPU
		{879CEAB0-A51C-4ABB-B958-6F0F30F01170}.PP|Any CPU.Build.0 = Debug|Any CPU
		{879CEAB0-A51C-4ABB-B958-6F0F30F01170}.PROD|Any CPU.ActiveCfg = Debug|Any CPU
		{879CEAB0-A51C-4ABB-B958-6F0F30F01170}.PROD|Any CPU.Build.0 = Debug|Any CPU
		{879CEAB0-A51C-4ABB-B958-6F0F30F01170}.QA|Any CPU.ActiveCfg = Debug|Any CPU
		{879CEAB0-A51C-4ABB-B958-6F0F30F01170}.QA|Any CPU.Build.0 = Debug|Any CPU
		{879CEAB0-A51C-4ABB-B958-6F0F30F01170}.Release|Any CPU.ActiveCfg = Release|Any CPU
		{879CEAB0-A51C-4ABB-B958-6F0F30F01170}.Release|Any CPU.Build.0 = Release|Any CPU
		{879CEAB0-A51C-4ABB-B958-6F0F30F01170}.UAT|Any CPU.ActiveCfg = Debug|Any CPU
		{879CEAB0-A51C-4ABB-B958-6F0F30F01170}.UAT|Any CPU.Build.0 = Debug|Any CPU
		{B18B7802-4CA7-4195-AE66-7EDBE0F48698}.Debug|Any CPU.ActiveCfg = Debug|Any CPU
		{B18B7802-4CA7-4195-AE66-7EDBE0F48698}.Debug|Any CPU.Build.0 = Debug|Any CPU
		{B18B7802-4CA7-4195-AE66-7EDBE0F48698}.DEV|Any CPU.ActiveCfg = Debug|Any CPU
		{B18B7802-4CA7-4195-AE66-7EDBE0F48698}.DEV|Any CPU.Build.0 = Debug|Any CPU
		{B18B7802-4CA7-4195-AE66-7EDBE0F48698}.PP|Any CPU.ActiveCfg = Debug|Any CPU
		{B18B7802-4CA7-4195-AE66-7EDBE0F48698}.PP|Any CPU.Build.0 = Debug|Any CPU
		{B18B7802-4CA7-4195-AE66-7EDBE0F48698}.PROD|Any CPU.ActiveCfg = Debug|Any CPU
		{B18B7802-4CA7-4195-AE66-7EDBE0F48698}.PROD|Any CPU.Build.0 = Debug|Any CPU
		{B18B7802-4CA7-4195-AE66-7EDBE0F48698}.QA|Any CPU.ActiveCfg = Debug|Any CPU
		{B18B7802-4CA7-4195-AE66-7EDBE0F48698}.QA|Any CPU.Build.0 = Debug|Any CPU
		{B18B7802-4CA7-4195-AE66-7EDBE0F48698}.Release|Any CPU.ActiveCfg = Release|Any CPU
		{B18B7802-4CA7-4195-AE66-7EDBE0F48698}.Release|Any CPU.Build.0 = Release|Any CPU
		{B18B7802-4CA7-4195-AE66-7EDBE0F48698}.UAT|Any CPU.ActiveCfg = Debug|Any CPU
		{B18B7802-4CA7-4195-AE66-7EDBE0F48698}.UAT|Any CPU.Build.0 = Debug|Any CPU
		{8378363B-A37F-403D-9BD5-863660394022}.Debug|Any CPU.ActiveCfg = Debug|Any CPU
		{8378363B-A37F-403D-9BD5-863660394022}.Debug|Any CPU.Build.0 = Debug|Any CPU
		{8378363B-A37F-403D-9BD5-863660394022}.DEV|Any CPU.ActiveCfg = Debug|Any CPU
		{8378363B-A37F-403D-9BD5-863660394022}.DEV|Any CPU.Build.0 = Debug|Any CPU
		{8378363B-A37F-403D-9BD5-863660394022}.PP|Any CPU.ActiveCfg = Debug|Any CPU
		{8378363B-A37F-403D-9BD5-863660394022}.PP|Any CPU.Build.0 = Debug|Any CPU
		{8378363B-A37F-403D-9BD5-863660394022}.PROD|Any CPU.ActiveCfg = Debug|Any CPU
		{8378363B-A37F-403D-9BD5-863660394022}.PROD|Any CPU.Build.0 = Debug|Any CPU
		{8378363B-A37F-403D-9BD5-863660394022}.QA|Any CPU.ActiveCfg = Debug|Any CPU
		{8378363B-A37F-403D-9BD5-863660394022}.QA|Any CPU.Build.0 = Debug|Any CPU
		{8378363B-A37F-403D-9BD5-863660394022}.Release|Any CPU.ActiveCfg = Release|Any CPU
		{8378363B-A37F-403D-9BD5-863660394022}.Release|Any CPU.Build.0 = Release|Any CPU
		{8378363B-A37F-403D-9BD5-863660394022}.UAT|Any CPU.ActiveCfg = Debug|Any CPU
		{8378363B-A37F-403D-9BD5-863660394022}.UAT|Any CPU.Build.0 = Debug|Any CPU
		{B0766695-B2ED-46FC-BFDF-C9A05089505A}.Debug|Any CPU.ActiveCfg = Debug|Any CPU
		{B0766695-B2ED-46FC-BFDF-C9A05089505A}.Debug|Any CPU.Build.0 = Debug|Any CPU
		{B0766695-B2ED-46FC-BFDF-C9A05089505A}.DEV|Any CPU.ActiveCfg = DEV|Any CPU
		{B0766695-B2ED-46FC-BFDF-C9A05089505A}.DEV|Any CPU.Build.0 = DEV|Any CPU
		{B0766695-B2ED-46FC-BFDF-C9A05089505A}.PP|Any CPU.ActiveCfg = PP|Any CPU
		{B0766695-B2ED-46FC-BFDF-C9A05089505A}.PP|Any CPU.Build.0 = PP|Any CPU
		{B0766695-B2ED-46FC-BFDF-C9A05089505A}.PROD|Any CPU.ActiveCfg = PROD|Any CPU
		{B0766695-B2ED-46FC-BFDF-C9A05089505A}.PROD|Any CPU.Build.0 = PROD|Any CPU
		{B0766695-B2ED-46FC-BFDF-C9A05089505A}.QA|Any CPU.ActiveCfg = QA|Any CPU
		{B0766695-B2ED-46FC-BFDF-C9A05089505A}.QA|Any CPU.Build.0 = QA|Any CPU
		{B0766695-B2ED-46FC-BFDF-C9A05089505A}.Release|Any CPU.ActiveCfg = Debug|Any CPU
		{B0766695-B2ED-46FC-BFDF-C9A05089505A}.Release|Any CPU.Build.0 = Debug|Any CPU
		{B0766695-B2ED-46FC-BFDF-C9A05089505A}.UAT|Any CPU.ActiveCfg = UAT|Any CPU
		{B0766695-B2ED-46FC-BFDF-C9A05089505A}.UAT|Any CPU.Build.0 = UAT|Any CPU
		{491CEA71-CBCB-465B-A778-C9AFEB1CCD00}.Debug|Any CPU.ActiveCfg = Debug|Any CPU
		{491CEA71-CBCB-465B-A778-C9AFEB1CCD00}.Debug|Any CPU.Build.0 = Debug|Any CPU
		{491CEA71-CBCB-465B-A778-C9AFEB1CCD00}.DEV|Any CPU.ActiveCfg = DEV|Any CPU
		{491CEA71-CBCB-465B-A778-C9AFEB1CCD00}.DEV|Any CPU.Build.0 = DEV|Any CPU
		{491CEA71-CBCB-465B-A778-C9AFEB1CCD00}.PP|Any CPU.ActiveCfg = PP|Any CPU
		{491CEA71-CBCB-465B-A778-C9AFEB1CCD00}.PP|Any CPU.Build.0 = PP|Any CPU
		{491CEA71-CBCB-465B-A778-C9AFEB1CCD00}.PROD|Any CPU.ActiveCfg = PROD|Any CPU
		{491CEA71-CBCB-465B-A778-C9AFEB1CCD00}.PROD|Any CPU.Build.0 = PROD|Any CPU
		{491CEA71-CBCB-465B-A778-C9AFEB1CCD00}.QA|Any CPU.ActiveCfg = QA|Any CPU
		{491CEA71-CBCB-465B-A778-C9AFEB1CCD00}.QA|Any CPU.Build.0 = QA|Any CPU
		{491CEA71-CBCB-465B-A778-C9AFEB1CCD00}.Release|Any CPU.ActiveCfg = Debug|Any CPU
		{491CEA71-CBCB-465B-A778-C9AFEB1CCD00}.Release|Any CPU.Build.0 = Debug|Any CPU
		{491CEA71-CBCB-465B-A778-C9AFEB1CCD00}.UAT|Any CPU.ActiveCfg = UAT|Any CPU
		{491CEA71-CBCB-465B-A778-C9AFEB1CCD00}.UAT|Any CPU.Build.0 = UAT|Any CPU
		{59ECE1D4-5318-4518-8B76-C1DF7F1B7241}.Debug|Any CPU.ActiveCfg = Debug|Any CPU
		{59ECE1D4-5318-4518-8B76-C1DF7F1B7241}.Debug|Any CPU.Build.0 = Debug|Any CPU
		{59ECE1D4-5318-4518-8B76-C1DF7F1B7241}.DEV|Any CPU.ActiveCfg = Debug|Any CPU
		{59ECE1D4-5318-4518-8B76-C1DF7F1B7241}.DEV|Any CPU.Build.0 = Debug|Any CPU
		{59ECE1D4-5318-4518-8B76-C1DF7F1B7241}.PP|Any CPU.ActiveCfg = Debug|Any CPU
		{59ECE1D4-5318-4518-8B76-C1DF7F1B7241}.PP|Any CPU.Build.0 = Debug|Any CPU
		{59ECE1D4-5318-4518-8B76-C1DF7F1B7241}.PROD|Any CPU.ActiveCfg = Debug|Any CPU
		{59ECE1D4-5318-4518-8B76-C1DF7F1B7241}.PROD|Any CPU.Build.0 = Debug|Any CPU
		{59ECE1D4-5318-4518-8B76-C1DF7F1B7241}.QA|Any CPU.ActiveCfg = Debug|Any CPU
		{59ECE1D4-5318-4518-8B76-C1DF7F1B7241}.QA|Any CPU.Build.0 = Debug|Any CPU
		{59ECE1D4-5318-4518-8B76-C1DF7F1B7241}.Release|Any CPU.ActiveCfg = Release|Any CPU
		{59ECE1D4-5318-4518-8B76-C1DF7F1B7241}.Release|Any CPU.Build.0 = Release|Any CPU
		{59ECE1D4-5318-4518-8B76-C1DF7F1B7241}.UAT|Any CPU.ActiveCfg = Debug|Any CPU
		{59ECE1D4-5318-4518-8B76-C1DF7F1B7241}.UAT|Any CPU.Build.0 = Debug|Any CPU
		{944C216A-6543-4254-A19F-FCB1C1B33F81}.Debug|Any CPU.ActiveCfg = Debug|Any CPU
		{944C216A-6543-4254-A19F-FCB1C1B33F81}.Debug|Any CPU.Build.0 = Debug|Any CPU
		{944C216A-6543-4254-A19F-FCB1C1B33F81}.DEV|Any CPU.ActiveCfg = Debug|Any CPU
		{944C216A-6543-4254-A19F-FCB1C1B33F81}.DEV|Any CPU.Build.0 = Debug|Any CPU
		{944C216A-6543-4254-A19F-FCB1C1B33F81}.PP|Any CPU.ActiveCfg = Debug|Any CPU
		{944C216A-6543-4254-A19F-FCB1C1B33F81}.PP|Any CPU.Build.0 = Debug|Any CPU
		{944C216A-6543-4254-A19F-FCB1C1B33F81}.PROD|Any CPU.ActiveCfg = Debug|Any CPU
		{944C216A-6543-4254-A19F-FCB1C1B33F81}.PROD|Any CPU.Build.0 = Debug|Any CPU
		{944C216A-6543-4254-A19F-FCB1C1B33F81}.QA|Any CPU.ActiveCfg = Debug|Any CPU
		{944C216A-6543-4254-A19F-FCB1C1B33F81}.QA|Any CPU.Build.0 = Debug|Any CPU
		{944C216A-6543-4254-A19F-FCB1C1B33F81}.Release|Any CPU.ActiveCfg = Release|Any CPU
		{944C216A-6543-4254-A19F-FCB1C1B33F81}.Release|Any CPU.Build.0 = Release|Any CPU
		{944C216A-6543-4254-A19F-FCB1C1B33F81}.UAT|Any CPU.ActiveCfg = Debug|Any CPU
		{944C216A-6543-4254-A19F-FCB1C1B33F81}.UAT|Any CPU.Build.0 = Debug|Any CPU
		{6FE75943-0551-4009-8D48-18F50BF2C5CE}.Debug|Any CPU.ActiveCfg = Debug|Any CPU
		{6FE75943-0551-4009-8D48-18F50BF2C5CE}.Debug|Any CPU.Build.0 = Debug|Any CPU
		{6FE75943-0551-4009-8D48-18F50BF2C5CE}.DEV|Any CPU.ActiveCfg = Debug|Any CPU
		{6FE75943-0551-4009-8D48-18F50BF2C5CE}.DEV|Any CPU.Build.0 = Debug|Any CPU
		{6FE75943-0551-4009-8D48-18F50BF2C5CE}.PP|Any CPU.ActiveCfg = Debug|Any CPU
		{6FE75943-0551-4009-8D48-18F50BF2C5CE}.PP|Any CPU.Build.0 = Debug|Any CPU
		{6FE75943-0551-4009-8D48-18F50BF2C5CE}.PROD|Any CPU.ActiveCfg = Debug|Any CPU
		{6FE75943-0551-4009-8D48-18F50BF2C5CE}.PROD|Any CPU.Build.0 = Debug|Any CPU
		{6FE75943-0551-4009-8D48-18F50BF2C5CE}.QA|Any CPU.ActiveCfg = Debug|Any CPU
		{6FE75943-0551-4009-8D48-18F50BF2C5CE}.QA|Any CPU.Build.0 = Debug|Any CPU
		{6FE75943-0551-4009-8D48-18F50BF2C5CE}.Release|Any CPU.ActiveCfg = Release|Any CPU
		{6FE75943-0551-4009-8D48-18F50BF2C5CE}.Release|Any CPU.Build.0 = Release|Any CPU
		{6FE75943-0551-4009-8D48-18F50BF2C5CE}.UAT|Any CPU.ActiveCfg = Debug|Any CPU
		{6FE75943-0551-4009-8D48-18F50BF2C5CE}.UAT|Any CPU.Build.0 = Debug|Any CPU
		{8C32E1F3-2757-4476-BEA9-0C27C321F63E}.Debug|Any CPU.ActiveCfg = Debug|Any CPU
		{8C32E1F3-2757-4476-BEA9-0C27C321F63E}.Debug|Any CPU.Build.0 = Debug|Any CPU
		{8C32E1F3-2757-4476-BEA9-0C27C321F63E}.DEV|Any CPU.ActiveCfg = Debug|Any CPU
		{8C32E1F3-2757-4476-BEA9-0C27C321F63E}.DEV|Any CPU.Build.0 = Debug|Any CPU
		{8C32E1F3-2757-4476-BEA9-0C27C321F63E}.PP|Any CPU.ActiveCfg = Debug|Any CPU
		{8C32E1F3-2757-4476-BEA9-0C27C321F63E}.PP|Any CPU.Build.0 = Debug|Any CPU
		{8C32E1F3-2757-4476-BEA9-0C27C321F63E}.PROD|Any CPU.ActiveCfg = Debug|Any CPU
		{8C32E1F3-2757-4476-BEA9-0C27C321F63E}.PROD|Any CPU.Build.0 = Debug|Any CPU
		{8C32E1F3-2757-4476-BEA9-0C27C321F63E}.QA|Any CPU.ActiveCfg = Debug|Any CPU
		{8C32E1F3-2757-4476-BEA9-0C27C321F63E}.QA|Any CPU.Build.0 = Debug|Any CPU
		{8C32E1F3-2757-4476-BEA9-0C27C321F63E}.Release|Any CPU.ActiveCfg = Release|Any CPU
		{8C32E1F3-2757-4476-BEA9-0C27C321F63E}.Release|Any CPU.Build.0 = Release|Any CPU
		{8C32E1F3-2757-4476-BEA9-0C27C321F63E}.UAT|Any CPU.ActiveCfg = Debug|Any CPU
		{8C32E1F3-2757-4476-BEA9-0C27C321F63E}.UAT|Any CPU.Build.0 = Debug|Any CPU
		{21DC2B4E-F128-4A38-B840-064AE5C10A5C}.Debug|Any CPU.ActiveCfg = Debug|Any CPU
		{21DC2B4E-F128-4A38-B840-064AE5C10A5C}.Debug|Any CPU.Build.0 = Debug|Any CPU
		{21DC2B4E-F128-4A38-B840-064AE5C10A5C}.DEV|Any CPU.ActiveCfg = DEV|Any CPU
		{21DC2B4E-F128-4A38-B840-064AE5C10A5C}.DEV|Any CPU.Build.0 = DEV|Any CPU
		{21DC2B4E-F128-4A38-B840-064AE5C10A5C}.PP|Any CPU.ActiveCfg = PP|Any CPU
		{21DC2B4E-F128-4A38-B840-064AE5C10A5C}.PP|Any CPU.Build.0 = PP|Any CPU
		{21DC2B4E-F128-4A38-B840-064AE5C10A5C}.PROD|Any CPU.ActiveCfg = PROD|Any CPU
		{21DC2B4E-F128-4A38-B840-064AE5C10A5C}.PROD|Any CPU.Build.0 = PROD|Any CPU
		{21DC2B4E-F128-4A38-B840-064AE5C10A5C}.QA|Any CPU.ActiveCfg = QA|Any CPU
		{21DC2B4E-F128-4A38-B840-064AE5C10A5C}.QA|Any CPU.Build.0 = QA|Any CPU
		{21DC2B4E-F128-4A38-B840-064AE5C10A5C}.Release|Any CPU.ActiveCfg = Debug|Any CPU
		{21DC2B4E-F128-4A38-B840-064AE5C10A5C}.Release|Any CPU.Build.0 = Debug|Any CPU
		{21DC2B4E-F128-4A38-B840-064AE5C10A5C}.UAT|Any CPU.ActiveCfg = UAT|Any CPU
		{21DC2B4E-F128-4A38-B840-064AE5C10A5C}.UAT|Any CPU.Build.0 = UAT|Any CPU
		{64F0E835-E792-48C6-83C7-4556004E32D2}.Debug|Any CPU.ActiveCfg = Debug|Any CPU
		{64F0E835-E792-48C6-83C7-4556004E32D2}.Debug|Any CPU.Build.0 = Debug|Any CPU
		{64F0E835-E792-48C6-83C7-4556004E32D2}.DEV|Any CPU.ActiveCfg = Debug|Any CPU
		{64F0E835-E792-48C6-83C7-4556004E32D2}.DEV|Any CPU.Build.0 = Debug|Any CPU
		{64F0E835-E792-48C6-83C7-4556004E32D2}.PP|Any CPU.ActiveCfg = Debug|Any CPU
		{64F0E835-E792-48C6-83C7-4556004E32D2}.PP|Any CPU.Build.0 = Debug|Any CPU
		{64F0E835-E792-48C6-83C7-4556004E32D2}.PROD|Any CPU.ActiveCfg = Debug|Any CPU
		{64F0E835-E792-48C6-83C7-4556004E32D2}.PROD|Any CPU.Build.0 = Debug|Any CPU
		{64F0E835-E792-48C6-83C7-4556004E32D2}.QA|Any CPU.ActiveCfg = Debug|Any CPU
		{64F0E835-E792-48C6-83C7-4556004E32D2}.QA|Any CPU.Build.0 = Debug|Any CPU
		{64F0E835-E792-48C6-83C7-4556004E32D2}.Release|Any CPU.ActiveCfg = Release|Any CPU
		{64F0E835-E792-48C6-83C7-4556004E32D2}.Release|Any CPU.Build.0 = Release|Any CPU
		{64F0E835-E792-48C6-83C7-4556004E32D2}.UAT|Any CPU.ActiveCfg = Debug|Any CPU
		{64F0E835-E792-48C6-83C7-4556004E32D2}.UAT|Any CPU.Build.0 = Debug|Any CPU
		{028D58FA-F011-4653-BA55-45378377223C}.Debug|Any CPU.ActiveCfg = Debug|Any CPU
		{028D58FA-F011-4653-BA55-45378377223C}.Debug|Any CPU.Build.0 = Debug|Any CPU
		{028D58FA-F011-4653-BA55-45378377223C}.DEV|Any CPU.ActiveCfg = DEV|Any CPU
		{028D58FA-F011-4653-BA55-45378377223C}.DEV|Any CPU.Build.0 = DEV|Any CPU
		{028D58FA-F011-4653-BA55-45378377223C}.PP|Any CPU.ActiveCfg = PP|Any CPU
		{028D58FA-F011-4653-BA55-45378377223C}.PP|Any CPU.Build.0 = PP|Any CPU
		{028D58FA-F011-4653-BA55-45378377223C}.PROD|Any CPU.ActiveCfg = PROD|Any CPU
		{028D58FA-F011-4653-BA55-45378377223C}.PROD|Any CPU.Build.0 = PROD|Any CPU
		{028D58FA-F011-4653-BA55-45378377223C}.QA|Any CPU.ActiveCfg = QA|Any CPU
		{028D58FA-F011-4653-BA55-45378377223C}.QA|Any CPU.Build.0 = QA|Any CPU
		{028D58FA-F011-4653-BA55-45378377223C}.Release|Any CPU.ActiveCfg = Debug|Any CPU
		{028D58FA-F011-4653-BA55-45378377223C}.Release|Any CPU.Build.0 = Debug|Any CPU
		{028D58FA-F011-4653-BA55-45378377223C}.UAT|Any CPU.ActiveCfg = UAT|Any CPU
		{028D58FA-F011-4653-BA55-45378377223C}.UAT|Any CPU.Build.0 = UAT|Any CPU
		{FEC03596-835D-4FB9-A2C4-9093998E6EE5}.Debug|Any CPU.ActiveCfg = Debug|Any CPU
		{FEC03596-835D-4FB9-A2C4-9093998E6EE5}.Debug|Any CPU.Build.0 = Debug|Any CPU
		{FEC03596-835D-4FB9-A2C4-9093998E6EE5}.DEV|Any CPU.ActiveCfg = DEV|Any CPU
		{FEC03596-835D-4FB9-A2C4-9093998E6EE5}.DEV|Any CPU.Build.0 = DEV|Any CPU
		{FEC03596-835D-4FB9-A2C4-9093998E6EE5}.PP|Any CPU.ActiveCfg = PP|Any CPU
		{FEC03596-835D-4FB9-A2C4-9093998E6EE5}.PP|Any CPU.Build.0 = PP|Any CPU
		{FEC03596-835D-4FB9-A2C4-9093998E6EE5}.PROD|Any CPU.ActiveCfg = PROD|Any CPU
		{FEC03596-835D-4FB9-A2C4-9093998E6EE5}.PROD|Any CPU.Build.0 = PROD|Any CPU
		{FEC03596-835D-4FB9-A2C4-9093998E6EE5}.QA|Any CPU.ActiveCfg = QA|Any CPU
		{FEC03596-835D-4FB9-A2C4-9093998E6EE5}.QA|Any CPU.Build.0 = QA|Any CPU
		{FEC03596-835D-4FB9-A2C4-9093998E6EE5}.Release|Any CPU.ActiveCfg = Debug|Any CPU
		{FEC03596-835D-4FB9-A2C4-9093998E6EE5}.Release|Any CPU.Build.0 = Debug|Any CPU
		{FEC03596-835D-4FB9-A2C4-9093998E6EE5}.UAT|Any CPU.ActiveCfg = UAT|Any CPU
		{FEC03596-835D-4FB9-A2C4-9093998E6EE5}.UAT|Any CPU.Build.0 = UAT|Any CPU
		{7C9E43FB-3274-4604-8763-2F0B93D38209}.Debug|Any CPU.ActiveCfg = Debug|Any CPU
		{7C9E43FB-3274-4604-8763-2F0B93D38209}.Debug|Any CPU.Build.0 = Debug|Any CPU
		{7C9E43FB-3274-4604-8763-2F0B93D38209}.DEV|Any CPU.ActiveCfg = DEV|Any CPU
		{7C9E43FB-3274-4604-8763-2F0B93D38209}.DEV|Any CPU.Build.0 = DEV|Any CPU
		{7C9E43FB-3274-4604-8763-2F0B93D38209}.PP|Any CPU.ActiveCfg = PP|Any CPU
		{7C9E43FB-3274-4604-8763-2F0B93D38209}.PP|Any CPU.Build.0 = PP|Any CPU
		{7C9E43FB-3274-4604-8763-2F0B93D38209}.PROD|Any CPU.ActiveCfg = PROD|Any CPU
		{7C9E43FB-3274-4604-8763-2F0B93D38209}.PROD|Any CPU.Build.0 = PROD|Any CPU
		{7C9E43FB-3274-4604-8763-2F0B93D38209}.QA|Any CPU.ActiveCfg = QA|Any CPU
		{7C9E43FB-3274-4604-8763-2F0B93D38209}.QA|Any CPU.Build.0 = QA|Any CPU
		{7C9E43FB-3274-4604-8763-2F0B93D38209}.Release|Any CPU.ActiveCfg = Debug|Any CPU
		{7C9E43FB-3274-4604-8763-2F0B93D38209}.Release|Any CPU.Build.0 = Debug|Any CPU
		{7C9E43FB-3274-4604-8763-2F0B93D38209}.UAT|Any CPU.ActiveCfg = UAT|Any CPU
		{7C9E43FB-3274-4604-8763-2F0B93D38209}.UAT|Any CPU.Build.0 = UAT|Any CPU
		{338EA1F1-387E-47BF-88D8-3BE67F5673A4}.Debug|Any CPU.ActiveCfg = Debug|Any CPU
		{338EA1F1-387E-47BF-88D8-3BE67F5673A4}.Debug|Any CPU.Build.0 = Debug|Any CPU
		{338EA1F1-387E-47BF-88D8-3BE67F5673A4}.DEV|Any CPU.ActiveCfg = DEV|Any CPU
		{338EA1F1-387E-47BF-88D8-3BE67F5673A4}.DEV|Any CPU.Build.0 = DEV|Any CPU
		{338EA1F1-387E-47BF-88D8-3BE67F5673A4}.PP|Any CPU.ActiveCfg = PP|Any CPU
		{338EA1F1-387E-47BF-88D8-3BE67F5673A4}.PP|Any CPU.Build.0 = PP|Any CPU
		{338EA1F1-387E-47BF-88D8-3BE67F5673A4}.PROD|Any CPU.ActiveCfg = PROD|Any CPU
		{338EA1F1-387E-47BF-88D8-3BE67F5673A4}.PROD|Any CPU.Build.0 = PROD|Any CPU
		{338EA1F1-387E-47BF-88D8-3BE67F5673A4}.QA|Any CPU.ActiveCfg = QA|Any CPU
		{338EA1F1-387E-47BF-88D8-3BE67F5673A4}.QA|Any CPU.Build.0 = QA|Any CPU
		{338EA1F1-387E-47BF-88D8-3BE67F5673A4}.Release|Any CPU.ActiveCfg = Debug|Any CPU
		{338EA1F1-387E-47BF-88D8-3BE67F5673A4}.Release|Any CPU.Build.0 = Debug|Any CPU
		{338EA1F1-387E-47BF-88D8-3BE67F5673A4}.UAT|Any CPU.ActiveCfg = UAT|Any CPU
		{338EA1F1-387E-47BF-88D8-3BE67F5673A4}.UAT|Any CPU.Build.0 = UAT|Any CPU
		{DD4030E5-F244-4DF4-AF80-393EB84895BD}.Debug|Any CPU.ActiveCfg = Debug|Any CPU
		{DD4030E5-F244-4DF4-AF80-393EB84895BD}.Debug|Any CPU.Build.0 = Debug|Any CPU
		{DD4030E5-F244-4DF4-AF80-393EB84895BD}.DEV|Any CPU.ActiveCfg = DEV|Any CPU
		{DD4030E5-F244-4DF4-AF80-393EB84895BD}.DEV|Any CPU.Build.0 = DEV|Any CPU
		{DD4030E5-F244-4DF4-AF80-393EB84895BD}.PP|Any CPU.ActiveCfg = PP|Any CPU
		{DD4030E5-F244-4DF4-AF80-393EB84895BD}.PP|Any CPU.Build.0 = PP|Any CPU
		{DD4030E5-F244-4DF4-AF80-393EB84895BD}.PROD|Any CPU.ActiveCfg = PROD|Any CPU
		{DD4030E5-F244-4DF4-AF80-393EB84895BD}.PROD|Any CPU.Build.0 = PROD|Any CPU
		{DD4030E5-F244-4DF4-AF80-393EB84895BD}.QA|Any CPU.ActiveCfg = QA|Any CPU
		{DD4030E5-F244-4DF4-AF80-393EB84895BD}.QA|Any CPU.Build.0 = QA|Any CPU
		{DD4030E5-F244-4DF4-AF80-393EB84895BD}.Release|Any CPU.ActiveCfg = Debug|Any CPU
		{DD4030E5-F244-4DF4-AF80-393EB84895BD}.Release|Any CPU.Build.0 = Debug|Any CPU
		{DD4030E5-F244-4DF4-AF80-393EB84895BD}.UAT|Any CPU.ActiveCfg = UAT|Any CPU
		{DD4030E5-F244-4DF4-AF80-393EB84895BD}.UAT|Any CPU.Build.0 = UAT|Any CPU
		{EB05AE00-F783-49C9-A194-39CA8C3E6F01}.Debug|Any CPU.ActiveCfg = Debug|Any CPU
		{EB05AE00-F783-49C9-A194-39CA8C3E6F01}.Debug|Any CPU.Build.0 = Debug|Any CPU
		{EB05AE00-F783-49C9-A194-39CA8C3E6F01}.DEV|Any CPU.ActiveCfg = DEV|Any CPU
		{EB05AE00-F783-49C9-A194-39CA8C3E6F01}.DEV|Any CPU.Build.0 = DEV|Any CPU
		{EB05AE00-F783-49C9-A194-39CA8C3E6F01}.PP|Any CPU.ActiveCfg = PP|Any CPU
		{EB05AE00-F783-49C9-A194-39CA8C3E6F01}.PP|Any CPU.Build.0 = PP|Any CPU
		{EB05AE00-F783-49C9-A194-39CA8C3E6F01}.PROD|Any CPU.ActiveCfg = PROD|Any CPU
		{EB05AE00-F783-49C9-A194-39CA8C3E6F01}.PROD|Any CPU.Build.0 = PROD|Any CPU
		{EB05AE00-F783-49C9-A194-39CA8C3E6F01}.QA|Any CPU.ActiveCfg = QA|Any CPU
		{EB05AE00-F783-49C9-A194-39CA8C3E6F01}.QA|Any CPU.Build.0 = QA|Any CPU
		{EB05AE00-F783-49C9-A194-39CA8C3E6F01}.Release|Any CPU.ActiveCfg = Debug|Any CPU
		{EB05AE00-F783-49C9-A194-39CA8C3E6F01}.Release|Any CPU.Build.0 = Debug|Any CPU
		{EB05AE00-F783-49C9-A194-39CA8C3E6F01}.UAT|Any CPU.ActiveCfg = UAT|Any CPU
		{EB05AE00-F783-49C9-A194-39CA8C3E6F01}.UAT|Any CPU.Build.0 = UAT|Any CPU
		{26B37DD8-98A9-43C6-8EEB-F06674E91803}.Debug|Any CPU.ActiveCfg = Debug|Any CPU
		{26B37DD8-98A9-43C6-8EEB-F06674E91803}.Debug|Any CPU.Build.0 = Debug|Any CPU
		{26B37DD8-98A9-43C6-8EEB-F06674E91803}.DEV|Any CPU.ActiveCfg = Debug|Any CPU
		{26B37DD8-98A9-43C6-8EEB-F06674E91803}.DEV|Any CPU.Build.0 = Debug|Any CPU
		{26B37DD8-98A9-43C6-8EEB-F06674E91803}.PP|Any CPU.ActiveCfg = Debug|Any CPU
		{26B37DD8-98A9-43C6-8EEB-F06674E91803}.PP|Any CPU.Build.0 = Debug|Any CPU
		{26B37DD8-98A9-43C6-8EEB-F06674E91803}.PROD|Any CPU.ActiveCfg = Debug|Any CPU
		{26B37DD8-98A9-43C6-8EEB-F06674E91803}.PROD|Any CPU.Build.0 = Debug|Any CPU
		{26B37DD8-98A9-43C6-8EEB-F06674E91803}.QA|Any CPU.ActiveCfg = Debug|Any CPU
		{26B37DD8-98A9-43C6-8EEB-F06674E91803}.QA|Any CPU.Build.0 = Debug|Any CPU
		{26B37DD8-98A9-43C6-8EEB-F06674E91803}.Release|Any CPU.ActiveCfg = Release|Any CPU
		{26B37DD8-98A9-43C6-8EEB-F06674E91803}.Release|Any CPU.Build.0 = Release|Any CPU
		{26B37DD8-98A9-43C6-8EEB-F06674E91803}.UAT|Any CPU.ActiveCfg = Debug|Any CPU
		{26B37DD8-98A9-43C6-8EEB-F06674E91803}.UAT|Any CPU.Build.0 = Debug|Any CPU
		{841C4628-3428-4B75-BC56-BD76836D7C1B}.Debug|Any CPU.ActiveCfg = Debug|Any CPU
		{841C4628-3428-4B75-BC56-BD76836D7C1B}.Debug|Any CPU.Build.0 = Debug|Any CPU
		{841C4628-3428-4B75-BC56-BD76836D7C1B}.DEV|Any CPU.ActiveCfg = Debug|Any CPU
		{841C4628-3428-4B75-BC56-BD76836D7C1B}.DEV|Any CPU.Build.0 = Debug|Any CPU
		{841C4628-3428-4B75-BC56-BD76836D7C1B}.PP|Any CPU.ActiveCfg = Debug|Any CPU
		{841C4628-3428-4B75-BC56-BD76836D7C1B}.PP|Any CPU.Build.0 = Debug|Any CPU
		{841C4628-3428-4B75-BC56-BD76836D7C1B}.PROD|Any CPU.ActiveCfg = Debug|Any CPU
		{841C4628-3428-4B75-BC56-BD76836D7C1B}.PROD|Any CPU.Build.0 = Debug|Any CPU
		{841C4628-3428-4B75-BC56-BD76836D7C1B}.QA|Any CPU.ActiveCfg = Debug|Any CPU
		{841C4628-3428-4B75-BC56-BD76836D7C1B}.QA|Any CPU.Build.0 = Debug|Any CPU
		{841C4628-3428-4B75-BC56-BD76836D7C1B}.Release|Any CPU.ActiveCfg = Release|Any CPU
		{841C4628-3428-4B75-BC56-BD76836D7C1B}.Release|Any CPU.Build.0 = Release|Any CPU
		{841C4628-3428-4B75-BC56-BD76836D7C1B}.UAT|Any CPU.ActiveCfg = Debug|Any CPU
		{841C4628-3428-4B75-BC56-BD76836D7C1B}.UAT|Any CPU.Build.0 = Debug|Any CPU
		{A53A17D6-C0B9-449F-A3E9-CFD3CEEA1A7F}.Debug|Any CPU.ActiveCfg = Debug|Any CPU
		{A53A17D6-C0B9-449F-A3E9-CFD3CEEA1A7F}.Debug|Any CPU.Build.0 = Debug|Any CPU
		{A53A17D6-C0B9-449F-A3E9-CFD3CEEA1A7F}.DEV|Any CPU.ActiveCfg = Debug|Any CPU
		{A53A17D6-C0B9-449F-A3E9-CFD3CEEA1A7F}.DEV|Any CPU.Build.0 = Debug|Any CPU
		{A53A17D6-C0B9-449F-A3E9-CFD3CEEA1A7F}.PP|Any CPU.ActiveCfg = Debug|Any CPU
		{A53A17D6-C0B9-449F-A3E9-CFD3CEEA1A7F}.PP|Any CPU.Build.0 = Debug|Any CPU
		{A53A17D6-C0B9-449F-A3E9-CFD3CEEA1A7F}.PROD|Any CPU.ActiveCfg = Debug|Any CPU
		{A53A17D6-C0B9-449F-A3E9-CFD3CEEA1A7F}.PROD|Any CPU.Build.0 = Debug|Any CPU
		{A53A17D6-C0B9-449F-A3E9-CFD3CEEA1A7F}.QA|Any CPU.ActiveCfg = Debug|Any CPU
		{A53A17D6-C0B9-449F-A3E9-CFD3CEEA1A7F}.QA|Any CPU.Build.0 = Debug|Any CPU
		{A53A17D6-C0B9-449F-A3E9-CFD3CEEA1A7F}.Release|Any CPU.ActiveCfg = Release|Any CPU
		{A53A17D6-C0B9-449F-A3E9-CFD3CEEA1A7F}.Release|Any CPU.Build.0 = Release|Any CPU
		{A53A17D6-C0B9-449F-A3E9-CFD3CEEA1A7F}.UAT|Any CPU.ActiveCfg = Debug|Any CPU
		{A53A17D6-C0B9-449F-A3E9-CFD3CEEA1A7F}.UAT|Any CPU.Build.0 = Debug|Any CPU
		{F6FC5EAB-7CF8-480B-8543-32D2179DF8C1}.Debug|Any CPU.ActiveCfg = Debug|Any CPU
		{F6FC5EAB-7CF8-480B-8543-32D2179DF8C1}.Debug|Any CPU.Build.0 = Debug|Any CPU
		{F6FC5EAB-7CF8-480B-8543-32D2179DF8C1}.DEV|Any CPU.ActiveCfg = DEV|Any CPU
		{F6FC5EAB-7CF8-480B-8543-32D2179DF8C1}.DEV|Any CPU.Build.0 = DEV|Any CPU
		{F6FC5EAB-7CF8-480B-8543-32D2179DF8C1}.PP|Any CPU.ActiveCfg = PP|Any CPU
		{F6FC5EAB-7CF8-480B-8543-32D2179DF8C1}.PP|Any CPU.Build.0 = PP|Any CPU
		{F6FC5EAB-7CF8-480B-8543-32D2179DF8C1}.PROD|Any CPU.ActiveCfg = PROD|Any CPU
		{F6FC5EAB-7CF8-480B-8543-32D2179DF8C1}.PROD|Any CPU.Build.0 = PROD|Any CPU
		{F6FC5EAB-7CF8-480B-8543-32D2179DF8C1}.QA|Any CPU.ActiveCfg = QA|Any CPU
		{F6FC5EAB-7CF8-480B-8543-32D2179DF8C1}.QA|Any CPU.Build.0 = QA|Any CPU
		{F6FC5EAB-7CF8-480B-8543-32D2179DF8C1}.Release|Any CPU.ActiveCfg = Debug|Any CPU
		{F6FC5EAB-7CF8-480B-8543-32D2179DF8C1}.Release|Any CPU.Build.0 = Debug|Any CPU
		{F6FC5EAB-7CF8-480B-8543-32D2179DF8C1}.UAT|Any CPU.ActiveCfg = UAT|Any CPU
		{F6FC5EAB-7CF8-480B-8543-32D2179DF8C1}.UAT|Any CPU.Build.0 = UAT|Any CPU
		{13611E68-15BA-4C19-9597-9C5B874D178C}.Debug|Any CPU.ActiveCfg = Debug|Any CPU
		{13611E68-15BA-4C19-9597-9C5B874D178C}.Debug|Any CPU.Build.0 = Debug|Any CPU
		{13611E68-15BA-4C19-9597-9C5B874D178C}.DEV|Any CPU.ActiveCfg = DEV|Any CPU
		{13611E68-15BA-4C19-9597-9C5B874D178C}.DEV|Any CPU.Build.0 = DEV|Any CPU
		{13611E68-15BA-4C19-9597-9C5B874D178C}.PP|Any CPU.ActiveCfg = PP|Any CPU
		{13611E68-15BA-4C19-9597-9C5B874D178C}.PP|Any CPU.Build.0 = PP|Any CPU
		{13611E68-15BA-4C19-9597-9C5B874D178C}.PROD|Any CPU.ActiveCfg = PROD|Any CPU
		{13611E68-15BA-4C19-9597-9C5B874D178C}.PROD|Any CPU.Build.0 = PROD|Any CPU
		{13611E68-15BA-4C19-9597-9C5B874D178C}.QA|Any CPU.ActiveCfg = QA|Any CPU
		{13611E68-15BA-4C19-9597-9C5B874D178C}.QA|Any CPU.Build.0 = QA|Any CPU
		{13611E68-15BA-4C19-9597-9C5B874D178C}.Release|Any CPU.ActiveCfg = Debug|Any CPU
		{13611E68-15BA-4C19-9597-9C5B874D178C}.Release|Any CPU.Build.0 = Debug|Any CPU
		{13611E68-15BA-4C19-9597-9C5B874D178C}.UAT|Any CPU.ActiveCfg = UAT|Any CPU
		{13611E68-15BA-4C19-9597-9C5B874D178C}.UAT|Any CPU.Build.0 = UAT|Any CPU
		{49572913-304B-41E0-A4E4-FF27E76BB599}.Debug|Any CPU.ActiveCfg = Debug|Any CPU
		{49572913-304B-41E0-A4E4-FF27E76BB599}.Debug|Any CPU.Build.0 = Debug|Any CPU
		{49572913-304B-41E0-A4E4-FF27E76BB599}.DEV|Any CPU.ActiveCfg = DEV|Any CPU
		{49572913-304B-41E0-A4E4-FF27E76BB599}.DEV|Any CPU.Build.0 = DEV|Any CPU
		{49572913-304B-41E0-A4E4-FF27E76BB599}.PP|Any CPU.ActiveCfg = PP|Any CPU
		{49572913-304B-41E0-A4E4-FF27E76BB599}.PP|Any CPU.Build.0 = PP|Any CPU
		{49572913-304B-41E0-A4E4-FF27E76BB599}.PROD|Any CPU.ActiveCfg = PROD|Any CPU
		{49572913-304B-41E0-A4E4-FF27E76BB599}.PROD|Any CPU.Build.0 = PROD|Any CPU
		{49572913-304B-41E0-A4E4-FF27E76BB599}.QA|Any CPU.ActiveCfg = QA|Any CPU
		{49572913-304B-41E0-A4E4-FF27E76BB599}.QA|Any CPU.Build.0 = QA|Any CPU
		{49572913-304B-41E0-A4E4-FF27E76BB599}.Release|Any CPU.ActiveCfg = Debug|Any CPU
		{49572913-304B-41E0-A4E4-FF27E76BB599}.Release|Any CPU.Build.0 = Debug|Any CPU
		{49572913-304B-41E0-A4E4-FF27E76BB599}.UAT|Any CPU.ActiveCfg = UAT|Any CPU
		{49572913-304B-41E0-A4E4-FF27E76BB599}.UAT|Any CPU.Build.0 = UAT|Any CPU
		{FD400687-75BC-4023-9B5B-3D9998FF05A0}.Debug|Any CPU.ActiveCfg = Debug|Any CPU
		{FD400687-75BC-4023-9B5B-3D9998FF05A0}.Debug|Any CPU.Build.0 = Debug|Any CPU
		{FD400687-75BC-4023-9B5B-3D9998FF05A0}.DEV|Any CPU.ActiveCfg = DEV|Any CPU
		{FD400687-75BC-4023-9B5B-3D9998FF05A0}.DEV|Any CPU.Build.0 = DEV|Any CPU
		{FD400687-75BC-4023-9B5B-3D9998FF05A0}.PP|Any CPU.ActiveCfg = PP|Any CPU
		{FD400687-75BC-4023-9B5B-3D9998FF05A0}.PP|Any CPU.Build.0 = PP|Any CPU
		{FD400687-75BC-4023-9B5B-3D9998FF05A0}.PROD|Any CPU.ActiveCfg = PROD|Any CPU
		{FD400687-75BC-4023-9B5B-3D9998FF05A0}.PROD|Any CPU.Build.0 = PROD|Any CPU
		{FD400687-75BC-4023-9B5B-3D9998FF05A0}.QA|Any CPU.ActiveCfg = QA|Any CPU
		{FD400687-75BC-4023-9B5B-3D9998FF05A0}.QA|Any CPU.Build.0 = QA|Any CPU
		{FD400687-75BC-4023-9B5B-3D9998FF05A0}.Release|Any CPU.ActiveCfg = Debug|Any CPU
		{FD400687-75BC-4023-9B5B-3D9998FF05A0}.Release|Any CPU.Build.0 = Debug|Any CPU
		{FD400687-75BC-4023-9B5B-3D9998FF05A0}.UAT|Any CPU.ActiveCfg = UAT|Any CPU
		{FD400687-75BC-4023-9B5B-3D9998FF05A0}.UAT|Any CPU.Build.0 = UAT|Any CPU
		{D8F7F105-C2AA-43C2-9FAC-4D2B403A9CFA}.Debug|Any CPU.ActiveCfg = Debug|Any CPU
		{D8F7F105-C2AA-43C2-9FAC-4D2B403A9CFA}.Debug|Any CPU.Build.0 = Debug|Any CPU
		{D8F7F105-C2AA-43C2-9FAC-4D2B403A9CFA}.DEV|Any CPU.ActiveCfg = DEV|Any CPU
		{D8F7F105-C2AA-43C2-9FAC-4D2B403A9CFA}.DEV|Any CPU.Build.0 = DEV|Any CPU
		{D8F7F105-C2AA-43C2-9FAC-4D2B403A9CFA}.PP|Any CPU.ActiveCfg = PP|Any CPU
		{D8F7F105-C2AA-43C2-9FAC-4D2B403A9CFA}.PP|Any CPU.Build.0 = PP|Any CPU
		{D8F7F105-C2AA-43C2-9FAC-4D2B403A9CFA}.PROD|Any CPU.ActiveCfg = PROD|Any CPU
		{D8F7F105-C2AA-43C2-9FAC-4D2B403A9CFA}.PROD|Any CPU.Build.0 = PROD|Any CPU
		{D8F7F105-C2AA-43C2-9FAC-4D2B403A9CFA}.QA|Any CPU.ActiveCfg = QA|Any CPU
		{D8F7F105-C2AA-43C2-9FAC-4D2B403A9CFA}.QA|Any CPU.Build.0 = QA|Any CPU
		{D8F7F105-C2AA-43C2-9FAC-4D2B403A9CFA}.Release|Any CPU.ActiveCfg = Debug|Any CPU
		{D8F7F105-C2AA-43C2-9FAC-4D2B403A9CFA}.Release|Any CPU.Build.0 = Debug|Any CPU
		{D8F7F105-C2AA-43C2-9FAC-4D2B403A9CFA}.UAT|Any CPU.ActiveCfg = UAT|Any CPU
		{D8F7F105-C2AA-43C2-9FAC-4D2B403A9CFA}.UAT|Any CPU.Build.0 = UAT|Any CPU
		{3007574B-B874-4074-850B-1F8D20876BAB}.Debug|Any CPU.ActiveCfg = Debug|Any CPU
		{3007574B-B874-4074-850B-1F8D20876BAB}.Debug|Any CPU.Build.0 = Debug|Any CPU
		{3007574B-B874-4074-850B-1F8D20876BAB}.DEV|Any CPU.ActiveCfg = Debug|Any CPU
		{3007574B-B874-4074-850B-1F8D20876BAB}.DEV|Any CPU.Build.0 = Debug|Any CPU
		{3007574B-B874-4074-850B-1F8D20876BAB}.PP|Any CPU.ActiveCfg = Debug|Any CPU
		{3007574B-B874-4074-850B-1F8D20876BAB}.PP|Any CPU.Build.0 = Debug|Any CPU
		{3007574B-B874-4074-850B-1F8D20876BAB}.PROD|Any CPU.ActiveCfg = Debug|Any CPU
		{3007574B-B874-4074-850B-1F8D20876BAB}.PROD|Any CPU.Build.0 = Debug|Any CPU
		{3007574B-B874-4074-850B-1F8D20876BAB}.QA|Any CPU.ActiveCfg = Debug|Any CPU
		{3007574B-B874-4074-850B-1F8D20876BAB}.QA|Any CPU.Build.0 = Debug|Any CPU
		{3007574B-B874-4074-850B-1F8D20876BAB}.Release|Any CPU.ActiveCfg = Release|Any CPU
		{3007574B-B874-4074-850B-1F8D20876BAB}.Release|Any CPU.Build.0 = Release|Any CPU
		{3007574B-B874-4074-850B-1F8D20876BAB}.UAT|Any CPU.ActiveCfg = Debug|Any CPU
		{3007574B-B874-4074-850B-1F8D20876BAB}.UAT|Any CPU.Build.0 = Debug|Any CPU
		{0CAE7BC9-2739-4676-B602-DDC92408393F}.Debug|Any CPU.ActiveCfg = Debug|Any CPU
		{0CAE7BC9-2739-4676-B602-DDC92408393F}.Debug|Any CPU.Build.0 = Debug|Any CPU
		{0CAE7BC9-2739-4676-B602-DDC92408393F}.DEV|Any CPU.ActiveCfg = Debug|Any CPU
		{0CAE7BC9-2739-4676-B602-DDC92408393F}.DEV|Any CPU.Build.0 = Debug|Any CPU
		{0CAE7BC9-2739-4676-B602-DDC92408393F}.PP|Any CPU.ActiveCfg = Debug|Any CPU
		{0CAE7BC9-2739-4676-B602-DDC92408393F}.PP|Any CPU.Build.0 = Debug|Any CPU
		{0CAE7BC9-2739-4676-B602-DDC92408393F}.PROD|Any CPU.ActiveCfg = Debug|Any CPU
		{0CAE7BC9-2739-4676-B602-DDC92408393F}.PROD|Any CPU.Build.0 = Debug|Any CPU
		{0CAE7BC9-2739-4676-B602-DDC92408393F}.QA|Any CPU.ActiveCfg = Debug|Any CPU
		{0CAE7BC9-2739-4676-B602-DDC92408393F}.QA|Any CPU.Build.0 = Debug|Any CPU
		{0CAE7BC9-2739-4676-B602-DDC92408393F}.Release|Any CPU.ActiveCfg = Release|Any CPU
		{0CAE7BC9-2739-4676-B602-DDC92408393F}.Release|Any CPU.Build.0 = Release|Any CPU
		{0CAE7BC9-2739-4676-B602-DDC92408393F}.UAT|Any CPU.ActiveCfg = Debug|Any CPU
		{0CAE7BC9-2739-4676-B602-DDC92408393F}.UAT|Any CPU.Build.0 = Debug|Any CPU
		{D2F98933-E90D-442E-A36E-CD84357DFB58}.Debug|Any CPU.ActiveCfg = Debug|Any CPU
		{D2F98933-E90D-442E-A36E-CD84357DFB58}.Debug|Any CPU.Build.0 = Debug|Any CPU
		{D2F98933-E90D-442E-A36E-CD84357DFB58}.DEV|Any CPU.ActiveCfg = DEV|Any CPU
		{D2F98933-E90D-442E-A36E-CD84357DFB58}.DEV|Any CPU.Build.0 = DEV|Any CPU
		{D2F98933-E90D-442E-A36E-CD84357DFB58}.PP|Any CPU.ActiveCfg = PP|Any CPU
		{D2F98933-E90D-442E-A36E-CD84357DFB58}.PP|Any CPU.Build.0 = PP|Any CPU
		{D2F98933-E90D-442E-A36E-CD84357DFB58}.PROD|Any CPU.ActiveCfg = PROD|Any CPU
		{D2F98933-E90D-442E-A36E-CD84357DFB58}.PROD|Any CPU.Build.0 = PROD|Any CPU
		{D2F98933-E90D-442E-A36E-CD84357DFB58}.QA|Any CPU.ActiveCfg = QA|Any CPU
		{D2F98933-E90D-442E-A36E-CD84357DFB58}.QA|Any CPU.Build.0 = QA|Any CPU
		{D2F98933-E90D-442E-A36E-CD84357DFB58}.Release|Any CPU.ActiveCfg = Debug|Any CPU
		{D2F98933-E90D-442E-A36E-CD84357DFB58}.Release|Any CPU.Build.0 = Debug|Any CPU
		{D2F98933-E90D-442E-A36E-CD84357DFB58}.UAT|Any CPU.ActiveCfg = UAT|Any CPU
		{D2F98933-E90D-442E-A36E-CD84357DFB58}.UAT|Any CPU.Build.0 = UAT|Any CPU
		{37E8B94F-EE5F-4927-994F-111C1D5CABAB}.Debug|Any CPU.ActiveCfg = Debug|Any CPU
		{37E8B94F-EE5F-4927-994F-111C1D5CABAB}.Debug|Any CPU.Build.0 = Debug|Any CPU
		{37E8B94F-EE5F-4927-994F-111C1D5CABAB}.DEV|Any CPU.ActiveCfg = DEV|Any CPU
		{37E8B94F-EE5F-4927-994F-111C1D5CABAB}.DEV|Any CPU.Build.0 = DEV|Any CPU
		{37E8B94F-EE5F-4927-994F-111C1D5CABAB}.PP|Any CPU.ActiveCfg = PP|Any CPU
		{37E8B94F-EE5F-4927-994F-111C1D5CABAB}.PP|Any CPU.Build.0 = PP|Any CPU
		{37E8B94F-EE5F-4927-994F-111C1D5CABAB}.PROD|Any CPU.ActiveCfg = PROD|Any CPU
		{37E8B94F-EE5F-4927-994F-111C1D5CABAB}.PROD|Any CPU.Build.0 = PROD|Any CPU
		{37E8B94F-EE5F-4927-994F-111C1D5CABAB}.QA|Any CPU.ActiveCfg = QA|Any CPU
		{37E8B94F-EE5F-4927-994F-111C1D5CABAB}.QA|Any CPU.Build.0 = QA|Any CPU
		{37E8B94F-EE5F-4927-994F-111C1D5CABAB}.Release|Any CPU.ActiveCfg = Debug|Any CPU
		{37E8B94F-EE5F-4927-994F-111C1D5CABAB}.Release|Any CPU.Build.0 = Debug|Any CPU
		{37E8B94F-EE5F-4927-994F-111C1D5CABAB}.UAT|Any CPU.ActiveCfg = UAT|Any CPU
		{37E8B94F-EE5F-4927-994F-111C1D5CABAB}.UAT|Any CPU.Build.0 = UAT|Any CPU
		{C8A34D63-3674-4446-B4D1-C66C115DCA25}.Debug|Any CPU.ActiveCfg = Debug|Any CPU
		{C8A34D63-3674-4446-B4D1-C66C115DCA25}.Debug|Any CPU.Build.0 = Debug|Any CPU
		{C8A34D63-3674-4446-B4D1-C66C115DCA25}.DEV|Any CPU.ActiveCfg = Debug|Any CPU
		{C8A34D63-3674-4446-B4D1-C66C115DCA25}.DEV|Any CPU.Build.0 = Debug|Any CPU
		{C8A34D63-3674-4446-B4D1-C66C115DCA25}.PP|Any CPU.ActiveCfg = Release|Any CPU
		{C8A34D63-3674-4446-B4D1-C66C115DCA25}.PP|Any CPU.Build.0 = Release|Any CPU
		{C8A34D63-3674-4446-B4D1-C66C115DCA25}.PROD|Any CPU.ActiveCfg = Release|Any CPU
		{C8A34D63-3674-4446-B4D1-C66C115DCA25}.PROD|Any CPU.Build.0 = Release|Any CPU
		{C8A34D63-3674-4446-B4D1-C66C115DCA25}.QA|Any CPU.ActiveCfg = Release|Any CPU
		{C8A34D63-3674-4446-B4D1-C66C115DCA25}.QA|Any CPU.Build.0 = Release|Any CPU
		{C8A34D63-3674-4446-B4D1-C66C115DCA25}.Release|Any CPU.ActiveCfg = Release|Any CPU
		{C8A34D63-3674-4446-B4D1-C66C115DCA25}.Release|Any CPU.Build.0 = Release|Any CPU
		{C8A34D63-3674-4446-B4D1-C66C115DCA25}.UAT|Any CPU.ActiveCfg = Release|Any CPU
		{C8A34D63-3674-4446-B4D1-C66C115DCA25}.UAT|Any CPU.Build.0 = Release|Any CPU
		{508F911E-006A-4431-B492-1DEEBFB8DB4C}.Debug|Any CPU.ActiveCfg = Debug|Any CPU
		{508F911E-006A-4431-B492-1DEEBFB8DB4C}.Debug|Any CPU.Build.0 = Debug|Any CPU
		{508F911E-006A-4431-B492-1DEEBFB8DB4C}.DEV|Any CPU.ActiveCfg = Debug|Any CPU
		{508F911E-006A-4431-B492-1DEEBFB8DB4C}.DEV|Any CPU.Build.0 = Debug|Any CPU
		{508F911E-006A-4431-B492-1DEEBFB8DB4C}.PP|Any CPU.ActiveCfg = Debug|Any CPU
		{508F911E-006A-4431-B492-1DEEBFB8DB4C}.PP|Any CPU.Build.0 = Debug|Any CPU
		{508F911E-006A-4431-B492-1DEEBFB8DB4C}.PROD|Any CPU.ActiveCfg = Debug|Any CPU
		{508F911E-006A-4431-B492-1DEEBFB8DB4C}.PROD|Any CPU.Build.0 = Debug|Any CPU
		{508F911E-006A-4431-B492-1DEEBFB8DB4C}.QA|Any CPU.ActiveCfg = Debug|Any CPU
		{508F911E-006A-4431-B492-1DEEBFB8DB4C}.QA|Any CPU.Build.0 = Debug|Any CPU
		{508F911E-006A-4431-B492-1DEEBFB8DB4C}.Release|Any CPU.ActiveCfg = Release|Any CPU
		{508F911E-006A-4431-B492-1DEEBFB8DB4C}.Release|Any CPU.Build.0 = Release|Any CPU
		{508F911E-006A-4431-B492-1DEEBFB8DB4C}.UAT|Any CPU.ActiveCfg = Debug|Any CPU
		{508F911E-006A-4431-B492-1DEEBFB8DB4C}.UAT|Any CPU.Build.0 = Debug|Any CPU
		{5888327D-A925-41EE-92F4-970CAC802DD1}.Debug|Any CPU.ActiveCfg = Debug|Any CPU
		{5888327D-A925-41EE-92F4-970CAC802DD1}.Debug|Any CPU.Build.0 = Debug|Any CPU
		{5888327D-A925-41EE-92F4-970CAC802DD1}.DEV|Any CPU.ActiveCfg = DEV|Any CPU
		{5888327D-A925-41EE-92F4-970CAC802DD1}.DEV|Any CPU.Build.0 = DEV|Any CPU
		{5888327D-A925-41EE-92F4-970CAC802DD1}.PP|Any CPU.ActiveCfg = PP|Any CPU
		{5888327D-A925-41EE-92F4-970CAC802DD1}.PP|Any CPU.Build.0 = PP|Any CPU
		{5888327D-A925-41EE-92F4-970CAC802DD1}.PROD|Any CPU.ActiveCfg = PROD|Any CPU
		{5888327D-A925-41EE-92F4-970CAC802DD1}.PROD|Any CPU.Build.0 = PROD|Any CPU
		{5888327D-A925-41EE-92F4-970CAC802DD1}.QA|Any CPU.ActiveCfg = QA|Any CPU
		{5888327D-A925-41EE-92F4-970CAC802DD1}.QA|Any CPU.Build.0 = QA|Any CPU
		{5888327D-A925-41EE-92F4-970CAC802DD1}.Release|Any CPU.ActiveCfg = Debug|Any CPU
		{5888327D-A925-41EE-92F4-970CAC802DD1}.Release|Any CPU.Build.0 = Debug|Any CPU
		{5888327D-A925-41EE-92F4-970CAC802DD1}.UAT|Any CPU.ActiveCfg = UAT|Any CPU
		{5888327D-A925-41EE-92F4-970CAC802DD1}.UAT|Any CPU.Build.0 = UAT|Any CPU
	EndGlobalSection
	GlobalSection(SolutionProperties) = preSolution
		HideSolutionNode = FALSE
	EndGlobalSection
	GlobalSection(NestedProjects) = preSolution
		{5FD4DBAF-4356-4CFA-9FCC-96F96CF6ECA5} = {3FFB2597-B1BC-4DB1-8A71-FECBC28EAF4E}
		{51111F19-ABE6-4304-8877-C328B88D00C8} = {3FFB2597-B1BC-4DB1-8A71-FECBC28EAF4E}
		{0C479EB1-DBC5-45E8-BAFB-9D1483AE500D} = {3FFB2597-B1BC-4DB1-8A71-FECBC28EAF4E}
		{029CE9C9-9A88-4F89-A6E8-6583CE4C8AA8} = {3FFB2597-B1BC-4DB1-8A71-FECBC28EAF4E}
		{2D48E39F-D55A-42F6-8A29-C112D71918A6} = {3FFB2597-B1BC-4DB1-8A71-FECBC28EAF4E}
		{82C228EC-8803-4092-A22F-F3751B4B8740} = {3FFB2597-B1BC-4DB1-8A71-FECBC28EAF4E}
		{A2704E39-BAB5-4A9B-A058-0554F410BB72} = {82C228EC-8803-4092-A22F-F3751B4B8740}
		{D265D711-5B30-4A47-9839-D77871F7265C} = {82C228EC-8803-4092-A22F-F3751B4B8740}
		{778174B0-922F-4C0D-B414-E140D893F0AD} = {82C228EC-8803-4092-A22F-F3751B4B8740}
		{DC04C787-221D-45A7-8578-7FCF02291372} = {82C228EC-8803-4092-A22F-F3751B4B8740}
		{879CEAB0-A51C-4ABB-B958-6F0F30F01170} = {DC04C787-221D-45A7-8578-7FCF02291372}
		{B18B7802-4CA7-4195-AE66-7EDBE0F48698} = {A2704E39-BAB5-4A9B-A058-0554F410BB72}
		{8378363B-A37F-403D-9BD5-863660394022} = {778174B0-922F-4C0D-B414-E140D893F0AD}
		{B0766695-B2ED-46FC-BFDF-C9A05089505A} = {51111F19-ABE6-4304-8877-C328B88D00C8}
		{D13AF0F1-8741-4FA2-93D3-9A3A95DCB51B} = {029CE9C9-9A88-4F89-A6E8-6583CE4C8AA8}
		{69679AE0-C62C-4EE4-8548-CE99483F5FE1} = {029CE9C9-9A88-4F89-A6E8-6583CE4C8AA8}
		{A93F474E-C249-4C09-8A6F-CAF1F91AA38F} = {69679AE0-C62C-4EE4-8548-CE99483F5FE1}
		{491CEA71-CBCB-465B-A778-C9AFEB1CCD00} = {A93F474E-C249-4C09-8A6F-CAF1F91AA38F}
		{7ACC0D2E-87FE-4EB9-B2CB-E0119EC260F3} = {D06AB1D1-3F73-48C5-9B97-07DF4B3E930E}
		{59ECE1D4-5318-4518-8B76-C1DF7F1B7241} = {7ACC0D2E-87FE-4EB9-B2CB-E0119EC260F3}
		{CAFD6D40-4C83-494B-BDEB-BB10D88CECE7} = {656AA827-859C-4699-BF2D-190B8C76ABA7}
		{944C216A-6543-4254-A19F-FCB1C1B33F81} = {CAFD6D40-4C83-494B-BDEB-BB10D88CECE7}
		{6FE75943-0551-4009-8D48-18F50BF2C5CE} = {778174B0-922F-4C0D-B414-E140D893F0AD}
		{04DF4989-C750-4925-845F-25D66516A445} = {029CE9C9-9A88-4F89-A6E8-6583CE4C8AA8}
		{8C32E1F3-2757-4476-BEA9-0C27C321F63E} = {778174B0-922F-4C0D-B414-E140D893F0AD}
		{21DC2B4E-F128-4A38-B840-064AE5C10A5C} = {2D48E39F-D55A-42F6-8A29-C112D71918A6}
		{DF937DD5-7A83-4EDD-AF01-174B1D659600} = {3FFB2597-B1BC-4DB1-8A71-FECBC28EAF4E}
		{5450036B-2820-452C-9335-09F9590AEB84} = {D06AB1D1-3F73-48C5-9B97-07DF4B3E930E}
		{64F0E835-E792-48C6-83C7-4556004E32D2} = {5450036B-2820-452C-9335-09F9590AEB84}
		{6176B027-671C-4468-B626-1A0F44BAB72B} = {BFD66DDC-98D6-4200-97AA-909C2C15F410}
		{1748BAF2-73E0-4672-9F98-93B3B58FAB02} = {69679AE0-C62C-4EE4-8548-CE99483F5FE1}
		{028D58FA-F011-4653-BA55-45378377223C} = {04DF4989-C750-4925-845F-25D66516A445}
		{CB55742F-A92D-40DD-908E-E06FB9756FDB} = {029CE9C9-9A88-4F89-A6E8-6583CE4C8AA8}
		{BFD66DDC-98D6-4200-97AA-909C2C15F410} = {656AA827-859C-4699-BF2D-190B8C76ABA7}
		{4F9895BC-5C09-4456-A574-4F987DE3B067} = {029CE9C9-9A88-4F89-A6E8-6583CE4C8AA8}
		{FEC03596-835D-4FB9-A2C4-9093998E6EE5} = {4F9895BC-5C09-4456-A574-4F987DE3B067}
		{7C9E43FB-3274-4604-8763-2F0B93D38209} = {D13AF0F1-8741-4FA2-93D3-9A3A95DCB51B}
		{53F5C380-A796-4DF4-A12F-906C5085A746} = {DF937DD5-7A83-4EDD-AF01-174B1D659600}
		{705C45E0-5EC3-4B22-B7F0-9FCC4B3E99A4} = {DF937DD5-7A83-4EDD-AF01-174B1D659600}
		{A7E0C3D9-DE96-4EF6-9EBB-2C94058AE104} = {DF937DD5-7A83-4EDD-AF01-174B1D659600}
		{338EA1F1-387E-47BF-88D8-3BE67F5673A4} = {A7E0C3D9-DE96-4EF6-9EBB-2C94058AE104}
		{DD4030E5-F244-4DF4-AF80-393EB84895BD} = {53F5C380-A796-4DF4-A12F-906C5085A746}
		{DF908238-5595-4E67-A718-1C0A1D8D9156} = {5FD4DBAF-4356-4CFA-9FCC-96F96CF6ECA5}
		{051BED24-B306-4E5C-9087-F296BAC57954} = {0C479EB1-DBC5-45E8-BAFB-9D1483AE500D}
		{EB05AE00-F783-49C9-A194-39CA8C3E6F01} = {051BED24-B306-4E5C-9087-F296BAC57954}
		{2CFD9491-C6E3-46C3-8E88-94677A45056F} = {82C228EC-8803-4092-A22F-F3751B4B8740}
		{26B37DD8-98A9-43C6-8EEB-F06674E91803} = {2CFD9491-C6E3-46C3-8E88-94677A45056F}
		{841C4628-3428-4B75-BC56-BD76836D7C1B} = {6176B027-671C-4468-B626-1A0F44BAB72B}
		{A53A17D6-C0B9-449F-A3E9-CFD3CEEA1A7F} = {1748BAF2-73E0-4672-9F98-93B3B58FAB02}
		{010E23CC-1963-4CD1-97AF-C71E42561766} = {CB55742F-A92D-40DD-908E-E06FB9756FDB}
		{F6FC5EAB-7CF8-480B-8543-32D2179DF8C1} = {010E23CC-1963-4CD1-97AF-C71E42561766}
		{13611E68-15BA-4C19-9597-9C5B874D178C} = {010E23CC-1963-4CD1-97AF-C71E42561766}
		{49572913-304B-41E0-A4E4-FF27E76BB599} = {D265D711-5B30-4A47-9839-D77871F7265C}
		{FD400687-75BC-4023-9B5B-3D9998FF05A0} = {D265D711-5B30-4A47-9839-D77871F7265C}
		{D8F7F105-C2AA-43C2-9FAC-4D2B403A9CFA} = {DF908238-5595-4E67-A718-1C0A1D8D9156}
		{6EF476EF-237C-4A30-850C-2CE8E37BAB63} = {82C228EC-8803-4092-A22F-F3751B4B8740}
		{3007574B-B874-4074-850B-1F8D20876BAB} = {6EF476EF-237C-4A30-850C-2CE8E37BAB63}
		{0CAE7BC9-2739-4676-B602-DDC92408393F} = {A2704E39-BAB5-4A9B-A058-0554F410BB72}
		{126AF8E1-2B5E-4E34-8CB7-4449BE66AD91} = {DF937DD5-7A83-4EDD-AF01-174B1D659600}
		{D2F98933-E90D-442E-A36E-CD84357DFB58} = {126AF8E1-2B5E-4E34-8CB7-4449BE66AD91}
		{37E8B94F-EE5F-4927-994F-111C1D5CABAB} = {705C45E0-5EC3-4B22-B7F0-9FCC4B3E99A4}
		{508F911E-006A-4431-B492-1DEEBFB8DB4C} = {6176B027-671C-4468-B626-1A0F44BAB72B}
		{63E63BDC-B313-4C07-8D8F-B399C3816B5E} = {029CE9C9-9A88-4F89-A6E8-6583CE4C8AA8}
		{5888327D-A925-41EE-92F4-970CAC802DD1} = {63E63BDC-B313-4C07-8D8F-B399C3816B5E}
	EndGlobalSection
	GlobalSection(ExtensibilityGlobals) = postSolution
		SolutionGuid = {5581E8D4-57D5-494A-87B8-36A22D887389}
	EndGlobalSection
EndGlobal
