
Microsoft Visual Studio Solution File, Format Version 12.00
# Visual Studio Version 16
VisualStudioVersion = 16.0.31313.79
MinimumVisualStudioVersion = 10.0.40219.1
Project("{2150E333-8FDC-42A3-9474-1A3956D46DE8}") = "macnaima", "macnaima", "{D87C2134-F3C7-48F2-944B-B3CA08D55AB1}"
EndProject
Project("{9A19103F-16F7-4668-BE54-9A1E7A4F7556}") = "Integration.Api", "Integration.Api\Integration.Api.csproj", "{7080C6A9-2FB5-4F7F-947A-601E87A8F255}"
EndProject
Project("{E53339B2-1760-4266-BCC7-CA923CBCF16C}") = "docker-compose", "docker-compose.dcproj", "{BDB8AAB7-78E0-4E78-AAB5-D97F2F74451E}"
EndProject
Global
	GlobalSection(SolutionConfigurationPlatforms) = preSolution
		Debug|Any CPU = Debug|Any CPU
		Release|Any CPU = Release|Any CPU
	EndGlobalSection
	GlobalSection(ProjectConfigurationPlatforms) = postSolution
		{7080C6A9-2FB5-4F7F-947A-601E87A8F255}.Debug|Any CPU.ActiveCfg = Debug|Any CPU
		{7080C6A9-2FB5-4F7F-947A-601E87A8F255}.Debug|Any CPU.Build.0 = Debug|Any CPU
		{7080C6A9-2FB5-4F7F-947A-601E87A8F255}.Release|Any CPU.ActiveCfg = Release|Any CPU
		{7080C6A9-2FB5-4F7F-947A-601E87A8F255}.Release|Any CPU.Build.0 = Release|Any CPU
		{BDB8AAB7-78E0-4E78-AAB5-D97F2F74451E}.Debug|Any CPU.ActiveCfg = Debug|Any CPU
		{BDB8AAB7-78E0-4E78-AAB5-D97F2F74451E}.Debug|Any CPU.Build.0 = Debug|Any CPU
		{BDB8AAB7-78E0-4E78-AAB5-D97F2F74451E}.Release|Any CPU.ActiveCfg = Release|Any CPU
		{BDB8AAB7-78E0-4E78-AAB5-D97F2F74451E}.Release|Any CPU.Build.0 = Release|Any CPU
	EndGlobalSection
	GlobalSection(SolutionProperties) = preSolution
		HideSolutionNode = FALSE
	EndGlobalSection
	GlobalSection(NestedProjects) = preSolution
		{7080C6A9-2FB5-4F7F-947A-601E87A8F255} = {D87C2134-F3C7-48F2-944B-B3CA08D55AB1}
	EndGlobalSection
	GlobalSection(ExtensibilityGlobals) = postSolution
		SolutionGuid = {5A7A7D1F-8153-47C6-AFE6-47C393865D1F}
	EndGlobalSection
EndGlobal
